
Microsoft Visual Studio Solution File, Format Version 12.00
# Visual Studio 2013
VisualStudioVersion = 12.0.21005.1
MinimumVisualStudioVersion = 10.0.40219.1
Project("{FAE04EC0-301F-11D3-BF4B-00C04F79EFBC}") = "CondominioService.Facturacion", "CondominioService.Facturacion\CondominioService.Facturacion.csproj", "{64F5F7BD-7193-415D-93FE-06CC4DBF08E0}"
EndProject
Project("{2150E333-8FDC-42A3-9474-1A3956D46DE8}") = "Librerias", "Librerias", "{4B34F394-87FE-4909-9227-BA558383320C}"
	ProjectSection(SolutionItems) = preProject
		Librerias\Iesi.Collections.dll = Librerias\Iesi.Collections.dll
		Librerias\NHibernate.dll = Librerias\NHibernate.dll
	EndProjectSection
EndProject
Project("{FAE04EC0-301F-11D3-BF4B-00C04F79EFBC}") = "CondominioFacturacionTest", "CondominioFacturacionTest\CondominioFacturacionTest.csproj", "{3211CE1C-F067-4F57-925E-654119078D65}"
EndProject
Global
	GlobalSection(SolutionConfigurationPlatforms) = preSolution
		Debug|Any CPU = Debug|Any CPU
		Release|Any CPU = Release|Any CPU
	EndGlobalSection
	GlobalSection(ProjectConfigurationPlatforms) = postSolution
		{64F5F7BD-7193-415D-93FE-06CC4DBF08E0}.Debug|Any CPU.ActiveCfg = Debug|Any CPU
		{64F5F7BD-7193-415D-93FE-06CC4DBF08E0}.Debug|Any CPU.Build.0 = Debug|Any CPU
		{64F5F7BD-7193-415D-93FE-06CC4DBF08E0}.Release|Any CPU.ActiveCfg = Release|Any CPU
		{64F5F7BD-7193-415D-93FE-06CC4DBF08E0}.Release|Any CPU.Build.0 = Release|Any CPU
		{3211CE1C-F067-4F57-925E-654119078D65}.Debug|Any CPU.ActiveCfg = Debug|Any CPU
		{3211CE1C-F067-4F57-925E-654119078D65}.Debug|Any CPU.Build.0 = Debug|Any CPU
		{3211CE1C-F067-4F57-925E-654119078D65}.Release|Any CPU.ActiveCfg = Release|Any CPU
		{3211CE1C-F067-4F57-925E-654119078D65}.Release|Any CPU.Build.0 = Release|Any CPU
	EndGlobalSection
	GlobalSection(SolutionProperties) = preSolution
		HideSolutionNode = FALSE
	EndGlobalSection
EndGlobal
